
Microsoft Visual Studio Solution File, Format Version 12.00
# Visual Studio Version 17
VisualStudioVersion = 17.4.33122.133
MinimumVisualStudioVersion = 10.0.40219.1
Project("{FAE04EC0-301F-11D3-BF4B-00C04F79EFBC}") = "WesaamEcomerce.API", "WesaamEcomerce.API\WesaamEcomerce.API.csproj", "{CAE72C86-3876-41AB-B3B2-FDED4955DB33}"
EndProject
Project("{9A19103F-16F7-4668-BE54-9A1E7A4F7556}") = "WesaamEcomerce.EntityFramework", "WesaamEcomerce.EntityFramework\WesaamEcomerce.EntityFramework.csproj", "{8A2B11D1-9D75-4868-AF30-622B03B169D6}"
EndProject
Global
	GlobalSection(SolutionConfigurationPlatforms) = preSolution
		Debug|Any CPU = Debug|Any CPU
		Release|Any CPU = Release|Any CPU
	EndGlobalSection
	GlobalSection(ProjectConfigurationPlatforms) = postSolution
		{CAE72C86-3876-41AB-B3B2-FDED4955DB33}.Debug|Any CPU.ActiveCfg = Debug|Any CPU
		{CAE72C86-3876-41AB-B3B2-FDED4955DB33}.Debug|Any CPU.Build.0 = Debug|Any CPU
		{CAE72C86-3876-41AB-B3B2-FDED4955DB33}.Release|Any CPU.ActiveCfg = Release|Any CPU
		{CAE72C86-3876-41AB-B3B2-FDED4955DB33}.Release|Any CPU.Build.0 = Release|Any CPU
		{8A2B11D1-9D75-4868-AF30-622B03B169D6}.Debug|Any CPU.ActiveCfg = Debug|Any CPU
		{8A2B11D1-9D75-4868-AF30-622B03B169D6}.Debug|Any CPU.Build.0 = Debug|Any CPU
		{8A2B11D1-9D75-4868-AF30-622B03B169D6}.Release|Any CPU.ActiveCfg = Release|Any CPU
		{8A2B11D1-9D75-4868-AF30-622B03B169D6}.Release|Any CPU.Build.0 = Release|Any CPU
	EndGlobalSection
	GlobalSection(SolutionProperties) = preSolution
		HideSolutionNode = FALSE
	EndGlobalSection
	GlobalSection(ExtensibilityGlobals) = postSolution
		SolutionGuid = {57AF0A93-A3E2-401D-BC54-FCDB11412775}
	EndGlobalSection
EndGlobal
